
Microsoft Visual Studio Solution File, Format Version 12.00
# Visual Studio Version 16
VisualStudioVersion = 16.0.33423.256
MinimumVisualStudioVersion = 10.0.40219.1
Project("{9A19103F-16F7-4668-BE54-9A1E7A4F7556}") = "FirstProject", "FirstProject\FirstProject.csproj", "{534545CD-FF85-4AF3-BBC1-E20E81A285AC}"
EndProject
Global
	GlobalSection(SolutionConfigurationPlatforms) = preSolution
		Debug|Any CPU = Debug|Any CPU
		Release|Any CPU = Release|Any CPU
	EndGlobalSection
	GlobalSection(ProjectConfigurationPlatforms) = postSolution
		{534545CD-FF85-4AF3-BBC1-E20E81A285AC}.Debug|Any CPU.ActiveCfg = Debug|Any CPU
		{534545CD-FF85-4AF3-BBC1-E20E81A285AC}.Debug|Any CPU.Build.0 = Debug|Any CPU
		{534545CD-FF85-4AF3-BBC1-E20E81A285AC}.Release|Any CPU.ActiveCfg = Release|Any CPU
		{534545CD-FF85-4AF3-BBC1-E20E81A285AC}.Release|Any CPU.Build.0 = Release|Any CPU
	EndGlobalSection
	GlobalSection(SolutionProperties) = preSolution
		HideSolutionNode = FALSE
	EndGlobalSection
	GlobalSection(ExtensibilityGlobals) = postSolution
		SolutionGuid = {CA1C9075-B786-4FD6-8802-F4F8AEE898FA}
	EndGlobalSection
EndGlobal
